
Microsoft Visual Studio Solution File, Format Version 12.00
# Visual Studio Version 17
VisualStudioVersion = 17.0.31903.59
MinimumVisualStudioVersion = 10.0.40219.1
Project("{FAE04EC0-301F-11D3-BF4B-00C04F79EFBC}") = "MercadoD.Domain", "MercadoD.Domain\MercadoD.Domain.csproj", "{0B2703D3-4270-4C53-85AA-0CB2F8E16E9B}"
EndProject
Project("{FAE04EC0-301F-11D3-BF4B-00C04F79EFBC}") = "MercadoD.Application", "MercadoD.Application\MercadoD.Application.csproj", "{6F3D9691-5A5E-4B36-BE2F-28264B3C7A05}"
EndProject
Project("{FAE04EC0-301F-11D3-BF4B-00C04F79EFBC}") = "MercadoD.API", "MercadoD.API\MercadoD.API.csproj", "{1C11FA43-CB3E-44D5-A5B0-85ACE513C883}"
EndProject
Project("{FAE04EC0-301F-11D3-BF4B-00C04F79EFBC}") = "MercadoD.Host", "MercadoD.Host\MercadoD.Host.csproj", "{AAE8451C-0E14-4620-BF4D-BB95786273BB}"
EndProject
Project("{2150E333-8FDC-42A3-9474-1A3956D46DE8}") = "Solution Items", "Solution Items", "{47475794-FEA8-4522-849D-AD6CB1C04985}"
	ProjectSection(SolutionItems) = preProject
		AddMigrations.ps1 = AddMigrations.ps1
		Directory.Packages.props = Directory.Packages.props
		..\README.md = ..\README.md
	EndProjectSection
EndProject
Project("{2150E333-8FDC-42A3-9474-1A3956D46DE8}") = "1 - Presentation", "1 - Presentation", "{34A78B47-4A39-4234-B930-FCDB1F93FE1C}"
EndProject
Project("{2150E333-8FDC-42A3-9474-1A3956D46DE8}") = "2 - Applications", "2 - Applications", "{0F774DA7-1BD8-437F-B117-D3DBC418AC90}"
EndProject
Project("{2150E333-8FDC-42A3-9474-1A3956D46DE8}") = "3 - Domain", "3 - Domain", "{AD1343D9-7B4F-42D5-AF60-5A0156E94D74}"
EndProject
Project("{2150E333-8FDC-42A3-9474-1A3956D46DE8}") = "4 - Infrastructure", "4 - Infrastructure", "{CD8B93E4-FE61-470B-85EF-2D6CA88B3984}"
EndProject
Project("{2150E333-8FDC-42A3-9474-1A3956D46DE8}") = "X - Cross-Cutting", "X - Cross-Cutting", "{914D6A7E-17AD-45F2-8DB0-841EE6796824}"
EndProject
Project("{FAE04EC0-301F-11D3-BF4B-00C04F79EFBC}") = "MercadoD.Di.Ioc", "MercadoD.Di.Ioc\MercadoD.Di.Ioc.csproj", "{FCF8232F-F67E-40D4-1C89-00AC241C59E3}"
EndProject
Project("{2150E333-8FDC-42A3-9474-1A3956D46DE8}") = "1.1 - Dependency Injection", "1.1 - Dependency Injection", "{02EA681E-C7D8-13C7-8484-4AC65E1B71E8}"
EndProject
Project("{FAE04EC0-301F-11D3-BF4B-00C04F79EFBC}") = "MercadoD.Infra.Persistence.Sql", "MercadoD.Infra.Persistence.Sql\MercadoD.Infra.Persistence.Sql.csproj", "{BFD89B2B-A119-7B58-FC14-97AF41BC34F9}"
EndProject
Project("{FAE04EC0-301F-11D3-BF4B-00C04F79EFBC}") = "MercadoD.Infra.Persistence.Sql.JobMigration", "MercadoD.Infra.Persistence.Sql.JobMigration\MercadoD.Infra.Persistence.Sql.JobMigration.csproj", "{DD966F6F-06BD-9BB7-301C-DB9A058747DD}"
EndProject
Project("{FAE04EC0-301F-11D3-BF4B-00C04F79EFBC}") = "MercadoD.Common", "MercadoD.Common\MercadoD.Common.csproj", "{7E5AA4A0-6D39-53BE-D075-2B46E8553173}"
EndProject
Global
	GlobalSection(SolutionConfigurationPlatforms) = preSolution
		Debug|Any CPU = Debug|Any CPU
		Release|Any CPU = Release|Any CPU
	EndGlobalSection
	GlobalSection(ProjectConfigurationPlatforms) = postSolution
		{0B2703D3-4270-4C53-85AA-0CB2F8E16E9B}.Debug|Any CPU.ActiveCfg = Debug|Any CPU
		{0B2703D3-4270-4C53-85AA-0CB2F8E16E9B}.Debug|Any CPU.Build.0 = Debug|Any CPU
		{0B2703D3-4270-4C53-85AA-0CB2F8E16E9B}.Release|Any CPU.ActiveCfg = Release|Any CPU
		{0B2703D3-4270-4C53-85AA-0CB2F8E16E9B}.Release|Any CPU.Build.0 = Release|Any CPU
		{6F3D9691-5A5E-4B36-BE2F-28264B3C7A05}.Debug|Any CPU.ActiveCfg = Debug|Any CPU
		{6F3D9691-5A5E-4B36-BE2F-28264B3C7A05}.Debug|Any CPU.Build.0 = Debug|Any CPU
		{6F3D9691-5A5E-4B36-BE2F-28264B3C7A05}.Release|Any CPU.ActiveCfg = Release|Any CPU
		{6F3D9691-5A5E-4B36-BE2F-28264B3C7A05}.Release|Any CPU.Build.0 = Release|Any CPU
		{1C11FA43-CB3E-44D5-A5B0-85ACE513C883}.Debug|Any CPU.ActiveCfg = Debug|Any CPU
		{1C11FA43-CB3E-44D5-A5B0-85ACE513C883}.Debug|Any CPU.Build.0 = Debug|Any CPU
		{1C11FA43-CB3E-44D5-A5B0-85ACE513C883}.Release|Any CPU.ActiveCfg = Release|Any CPU
		{1C11FA43-CB3E-44D5-A5B0-85ACE513C883}.Release|Any CPU.Build.0 = Release|Any CPU
		{AAE8451C-0E14-4620-BF4D-BB95786273BB}.Debug|Any CPU.ActiveCfg = Debug|Any CPU
		{AAE8451C-0E14-4620-BF4D-BB95786273BB}.Debug|Any CPU.Build.0 = Debug|Any CPU
		{AAE8451C-0E14-4620-BF4D-BB95786273BB}.Release|Any CPU.ActiveCfg = Release|Any CPU
		{AAE8451C-0E14-4620-BF4D-BB95786273BB}.Release|Any CPU.Build.0 = Release|Any CPU
		{FCF8232F-F67E-40D4-1C89-00AC241C59E3}.Debug|Any CPU.ActiveCfg = Debug|Any CPU
		{FCF8232F-F67E-40D4-1C89-00AC241C59E3}.Debug|Any CPU.Build.0 = Debug|Any CPU
		{FCF8232F-F67E-40D4-1C89-00AC241C59E3}.Release|Any CPU.ActiveCfg = Release|Any CPU
		{FCF8232F-F67E-40D4-1C89-00AC241C59E3}.Release|Any CPU.Build.0 = Release|Any CPU
		{BFD89B2B-A119-7B58-FC14-97AF41BC34F9}.Debug|Any CPU.ActiveCfg = Debug|Any CPU
		{BFD89B2B-A119-7B58-FC14-97AF41BC34F9}.Debug|Any CPU.Build.0 = Debug|Any CPU
		{BFD89B2B-A119-7B58-FC14-97AF41BC34F9}.Release|Any CPU.ActiveCfg = Release|Any CPU
		{BFD89B2B-A119-7B58-FC14-97AF41BC34F9}.Release|Any CPU.Build.0 = Release|Any CPU
		{DD966F6F-06BD-9BB7-301C-DB9A058747DD}.Debug|Any CPU.ActiveCfg = Debug|Any CPU
		{DD966F6F-06BD-9BB7-301C-DB9A058747DD}.Debug|Any CPU.Build.0 = Debug|Any CPU
		{DD966F6F-06BD-9BB7-301C-DB9A058747DD}.Release|Any CPU.ActiveCfg = Release|Any CPU
		{DD966F6F-06BD-9BB7-301C-DB9A058747DD}.Release|Any CPU.Build.0 = Release|Any CPU
		{7E5AA4A0-6D39-53BE-D075-2B46E8553173}.Debug|Any CPU.ActiveCfg = Debug|Any CPU
		{7E5AA4A0-6D39-53BE-D075-2B46E8553173}.Debug|Any CPU.Build.0 = Debug|Any CPU
		{7E5AA4A0-6D39-53BE-D075-2B46E8553173}.Release|Any CPU.ActiveCfg = Release|Any CPU
		{7E5AA4A0-6D39-53BE-D075-2B46E8553173}.Release|Any CPU.Build.0 = Release|Any CPU
	EndGlobalSection
	GlobalSection(SolutionProperties) = preSolution
		HideSolutionNode = FALSE
	EndGlobalSection
	GlobalSection(NestedProjects) = preSolution
		{0B2703D3-4270-4C53-85AA-0CB2F8E16E9B} = {AD1343D9-7B4F-42D5-AF60-5A0156E94D74}
		{6F3D9691-5A5E-4B36-BE2F-28264B3C7A05} = {0F774DA7-1BD8-437F-B117-D3DBC418AC90}
		{1C11FA43-CB3E-44D5-A5B0-85ACE513C883} = {34A78B47-4A39-4234-B930-FCDB1F93FE1C}
		{FCF8232F-F67E-40D4-1C89-00AC241C59E3} = {02EA681E-C7D8-13C7-8484-4AC65E1B71E8}
		{BFD89B2B-A119-7B58-FC14-97AF41BC34F9} = {CD8B93E4-FE61-470B-85EF-2D6CA88B3984}
		{DD966F6F-06BD-9BB7-301C-DB9A058747DD} = {CD8B93E4-FE61-470B-85EF-2D6CA88B3984}
		{7E5AA4A0-6D39-53BE-D075-2B46E8553173} = {914D6A7E-17AD-45F2-8DB0-841EE6796824}
	EndGlobalSection
	GlobalSection(ExtensibilityGlobals) = postSolution
		SolutionGuid = {8DCFD6C8-EE7E-4BFD-8D82-733FC61F5427}
	EndGlobalSection
EndGlobal
